{
  "name": "ai-chat-app",
  "version": "1.0.0",
  "lockfileVersion": 3,
  "requires": true,
  "packages": {
    "": {
      "name": "ai-chat-app",
      "version": "1.0.0",
      "license": "ISC",
      "dependencies": {
        "@huggingface/inference": "^4.13.5",
        "openai": "^6.10.0"
      }
    },
    "node_modules/@huggingface/inference": {
      "version": "4.13.5",
      "resolved": "https://registry.npmjs.org/@huggingface/inference/-/inference-4.13.5.tgz",
      "integrity": "sha512-jeRQVwoV2Xx5stHR4wyZPPvhOOm6Hi9B2hsHWWuFJBEoxlFJMbRAsQbTvQrusw2vNBfNHIqb2i9EpelNLOqhvg==",
      "dependencies": {
        "@huggingface/jinja": "^0.5.3",
        "@huggingface/tasks": "^0.19.67"
      },
      "engines": {
        "node": ">=18"
      }
    },
    "node_modules/@huggingface/jinja": {
      "version": "0.5.3",
      "resolved": "https://registry.npmjs.org/@huggingface/jinja/-/jinja-0.5.3.tgz",
      "integrity": "sha512-asqfZ4GQS0hD876Uw4qiUb7Tr/V5Q+JZuo2L+BtdrD4U40QU58nIRq3ZSgAzJgT874VLjhGVacaYfrdpXtEvtA==",
      "engines": {
        "node": ">=18"
      }
    },
    "node_modules/@huggingface/tasks": {
      "version": "0.19.67",
      "resolved": "https://registry.npmjs.org/@huggingface/tasks/-/tasks-0.19.67.tgz",
      "integrity": "sha512-dncFhsTCQEvuY1KCUugiJxKSlwbK4pawsbIW7UhU9HDheArOtiDvIYKkyeLkn0gVqixH9cL+Y5dncYKN0YLaHQ=="
    },
    "node_modules/openai": {
      "version": "6.10.0",
      "resolved": "https://registry.npmjs.org/openai/-/openai-6.10.0.tgz",
      "integrity": "sha512-ITxOGo7rO3XRMiKA5l7tQ43iNNu+iXGFAcf2t+aWVzzqRaS0i7m1K2BhxNdaveB+5eENhO0VY1FkiZzhBk4v3A==",
      "bin": {
        "openai": "bin/cli"
      },
      "peerDependencies": {
        "ws": "^8.18.0",
        "zod": "^3.25 || ^4.0"
      },
      "peerDependenciesMeta": {
        "ws": {
          "optional": true
        },
        "zod": {
          "optional": true
        }
      }
    }
  }
}
